
Microsoft Visual Studio Solution File, Format Version 12.00
# Visual Studio Version 17
VisualStudioVersion = 17.8.34330.188
MinimumVisualStudioVersion = 10.0.40219.1
Project("{FAE04EC0-301F-11D3-BF4B-00C04F79EFBC}") = "yield-running-total", "yield-running-total\yield-running-total.csproj", "{BE6673BC-50F0-46DA-8569-96C21C84E684}"
EndProject
Global
	GlobalSection(SolutionConfigurationPlatforms) = preSolution
		Debug|Any CPU = Debug|Any CPU
		Release|Any CPU = Release|Any CPU
	EndGlobalSection
	GlobalSection(ProjectConfigurationPlatforms) = postSolution
		{BE6673BC-50F0-46DA-8569-96C21C84E684}.Debug|Any CPU.ActiveCfg = Debug|Any CPU
		{BE6673BC-50F0-46DA-8569-96C21C84E684}.Debug|Any CPU.Build.0 = Debug|Any CPU
		{BE6673BC-50F0-46DA-8569-96C21C84E684}.Release|Any CPU.ActiveCfg = Release|Any CPU
		{BE6673BC-50F0-46DA-8569-96C21C84E684}.Release|Any CPU.Build.0 = Release|Any CPU
	EndGlobalSection
	GlobalSection(SolutionProperties) = preSolution
		HideSolutionNode = FALSE
	EndGlobalSection
	GlobalSection(ExtensibilityGlobals) = postSolution
		SolutionGuid = {2FDC38C3-D80D-47DA-B5FC-3C0D785E1861}
	EndGlobalSection
EndGlobal
